PODS:
  - camera_avfoundation (0.0.1):
    - Flutter
  - Flutter (1.0.0)
  - flutter_line_sdk (2.6.1):
    - Flutter
    - LineSDKSwift (~> 5.13)
  - image_picker_ios (0.0.1):
    - Flutter
  - LineSDKSwift (5.13.0):
    - LineSDKSwift/Core (= 5.13.0)
  - LineSDKSwift/Core (5.13.0)

DEPENDENCIES:
  - camera_avfoundation (from `.symlinks/plugins/camera_avfoundation/ios`)
  - Flutter (from `Flutter`)
  - flutter_line_sdk (from `.symlinks/plugins/flutter_line_sdk/ios`)
  - image_picker_ios (from `.symlinks/plugins/image_picker_ios/ios`)

SPEC REPOS:
  trunk:
    - LineSDKSwift

EXTERNAL SOURCES:
  camera_avfoundation:
    :path: ".symlinks/plugins/camera_avfoundation/ios"
  Flutter:
    :path: Flutter
  flutter_line_sdk:
    :path: ".symlinks/plugins/flutter_line_sdk/ios"
  image_picker_ios:
    :path: ".symlinks/plugins/image_picker_ios/ios"

SPEC CHECKSUMS:
  camera_avfoundation: 5675ca25298b6f81fa0a325188e7df62cc217741
  Flutter: cabc95a1d2626b1b06e7179b784ebcf0c0cde467
  flutter_line_sdk: 8068338894403b2beeb6db3aeff7a5be92a8fe1c
  image_picker_ios: 7fe1ff8e34c1790d6fff70a32484959f563a928a
  LineSDKSwift: 6dbcd24677d19dce2cee10e433f9d040b9c11cb9

PODFILE CHECKSUM: e37f816f108eb1b5439d3f8005febecc8fc68f8e

COCOAPODS: 1.16.2
